// !$*UTF8*$!
{
	archiveVersion = 1;
	classes = {
	};
	objectVersion = 56;
	objects = {

/* Begin PBXBuildFile section */
		442096362AFDE77B00E586BB /* FunSwiftUIEffectsApp.swift in Sources */ = {isa = PBXBuildFile; fileRef = 442096352AFDE77B00E586BB /* FunSwiftUIEffectsApp.swift */; };
		442096382AFDE77B00E586BB /* ContentView.swift in Sources */ = {isa = PBXBuildFile; fileRef = 442096372AFDE77B00E586BB /* ContentView.swift */; };
		4420963A2AFDE77C00E586BB /* Assets.xcassets in Resources */ = {isa = PBXBuildFile; fileRef = 442096392AFDE77C00E586BB /* Assets.xcassets */; };
		4420963D2AFDE77C00E586BB /* Preview Assets.xcassets in Resources */ = {isa = PBXBuildFile; fileRef = 4420963C2AFDE77C00E586BB /* Preview Assets.xcassets */; };
		442096452AFDE79600E586BB /* RubberBanding.swift in Sources */ = {isa = PBXBuildFile; fileRef = 442096432AFDE79600E586BB /* RubberBanding.swift */; };
		442096462AFDE79600E586BB /* GenericSwipeToCompleteText.swift in Sources */ = {isa = PBXBuildFile; fileRef = 442096442AFDE79600E586BB /* GenericSwipeToCompleteText.swift */; };
		442096492AFDE7C200E586BB /* Text-Extensions.swift in Sources */ = {isa = PBXBuildFile; fileRef = 442096482AFDE7C200E586BB /* Text-Extensions.swift */; };
		4420964B2AFDE7E600E586BB /* SwipeStrikethroughExample.swift in Sources */ = {isa = PBXBuildFile; fileRef = 4420964A2AFDE7E600E586BB /* SwipeStrikethroughExample.swift */; };
/* End PBXBuildFile section */

/* Begin PBXFileReference section */
		442096322AFDE77B00E586BB /* FunSwiftUIEffects.app */ = {isa = PBXFileReference; explicitFileType = wrapper.application; includeInIndex = 0; path = FunSwiftUIEffects.app; sourceTree = BUILT_PRODUCTS_DIR; };
		442096352AFDE77B00E586BB /* FunSwiftUIEffectsApp.swift */ = {isa = PBXFileReference; lastKnownFileType = sourcecode.swift; path = FunSwiftUIEffectsApp.swift; sourceTree = "<group>"; };
		442096372AFDE77B00E586BB /* ContentView.swift */ = {isa = PBXFileReference; lastKnownFileType = sourcecode.swift; path = ContentView.swift; sourceTree = "<group>"; };
		442096392AFDE77C00E586BB /* Assets.xcassets */ = {isa = PBXFileReference; lastKnownFileType = folder.assetcatalog; path = Assets.xcassets; sourceTree = "<group>"; };
		4420963C2AFDE77C00E586BB /* Preview Assets.xcassets */ = {isa = PBXFileReference; lastKnownFileType = folder.assetcatalog; path = "Preview Assets.xcassets"; sourceTree = "<group>"; };
		442096432AFDE79600E586BB /* RubberBanding.swift */ = {isa = PBXFileReference; fileEncoding = 4; lastKnownFileType = sourcecode.swift; path = RubberBanding.swift; sourceTree = "<group>"; };
		442096442AFDE79600E586BB /* GenericSwipeToCompleteText.swift */ = {isa = PBXFileReference; fileEncoding = 4; lastKnownFileType = sourcecode.swift; path = GenericSwipeToCompleteText.swift; sourceTree = "<group>"; };
		442096482AFDE7C200E586BB /* Text-Extensions.swift */ = {isa = PBXFileReference; fileEncoding = 4; lastKnownFileType = sourcecode.swift; path = "Text-Extensions.swift"; sourceTree = "<group>"; };
		4420964A2AFDE7E600E586BB /* SwipeStrikethroughExample.swift */ = {isa = PBXFileReference; lastKnownFileType = sourcecode.swift; path = SwipeStrikethroughExample.swift; sourceTree = "<group>"; };
/* End PBXFileReference section */

/* Begin PBXFrameworksBuildPhase section */
		4420962F2AFDE77B00E586BB /* Frameworks */ = {
			isa = PBXFrameworksBuildPhase;
			buildActionMask = 2147483647;
			files = (
			);
			runOnlyForDeploymentPostprocessing = 0;
		};
/* End PBXFrameworksBuildPhase section */

/* Begin PBXGroup section */
		442096292AFDE77B00E586BB = {
			isa = PBXGroup;
			children = (
				442096342AFDE77B00E586BB /* FunSwiftUIEffects */,
				442096332AFDE77B00E586BB /* Products */,
			);
			sourceTree = "<group>";
		};
		442096332AFDE77B00E586BB /* Products */ = {
			isa = PBXGroup;
			children = (
				442096322AFDE77B00E586BB /* FunSwiftUIEffects.app */,
			);
			name = Products;
			sourceTree = "<group>";
		};
		442096342AFDE77B00E586BB /* FunSwiftUIEffects */ = {
			isa = PBXGroup;
			children = (
				442096352AFDE77B00E586BB /* FunSwiftUIEffectsApp.swift */,
				442096372AFDE77B00E586BB /* ContentView.swift */,
				442096472AFDE79C00E586BB /* SwipeToStrikethroughText */,
				442096392AFDE77C00E586BB /* Assets.xcassets */,
				4420963B2AFDE77C00E586BB /* Preview Content */,
			);
			path = FunSwiftUIEffects;
			sourceTree = "<group>";
		};
		4420963B2AFDE77C00E586BB /* Preview Content */ = {
			isa = PBXGroup;
			children = (
				4420963C2AFDE77C00E586BB /* Preview Assets.xcassets */,
			);
			path = "Preview Content";
			sourceTree = "<group>";
		};
		442096472AFDE79C00E586BB /* SwipeToStrikethroughText */ = {
			isa = PBXGroup;
			children = (
				442096442AFDE79600E586BB /* GenericSwipeToCompleteText.swift */,
				442096432AFDE79600E586BB /* RubberBanding.swift */,
				442096482AFDE7C200E586BB /* Text-Extensions.swift */,
				4420964A2AFDE7E600E586BB /* SwipeStrikethroughExample.swift */,
			);
			path = SwipeToStrikethroughText;
			sourceTree = "<group>";
		};
/* End PBXGroup section */

/* Begin PBXNativeTarget section */
		442096312AFDE77B00E586BB /* FunSwiftUIEffects */ = {
			isa = PBXNativeTarget;
			buildConfigurationList = 442096402AFDE77C00E586BB /* Build configuration list for PBXNativeTarget "FunSwiftUIEffects" */;
			buildPhases = (
				4420962E2AFDE77B00E586BB /* Sources */,
				4420962F2AFDE77B00E586BB /* Frameworks */,
				442096302AFDE77B00E586BB /* Resources */,
			);
			buildRules = (
			);
			dependencies = (
			);
			name = FunSwiftUIEffects;
			productName = FunSwiftUIEffects;
			productReference = 442096322AFDE77B00E586BB /* FunSwiftUIEffects.app */;
			productType = "com.apple.product-type.application";
		};
/* End PBXNativeTarget section */

/* Begin PBXProject section */
		4420962A2AFDE77B00E586BB /* Project object */ = {
			isa = PBXProject;
			attributes = {
				BuildIndependentTargetsInParallel = 1;
				LastSwiftUpdateCheck = 1500;
				LastUpgradeCheck = 1500;
				TargetAttributes = {
					442096312AFDE77B00E586BB = {
						CreatedOnToolsVersion = 15.0.1;
					};
				};
			};
			buildConfigurationList = 4420962D2AFDE77B00E586BB /* Build configuration list for PBXProject "FunSwiftUIEffects" */;
			compatibilityVersion = "Xcode 14.0";
			developmentRegion = en;
			hasScannedForEncodings = 0;
			knownRegions = (
				en,
				Base,
			);
			mainGroup = 442096292AFDE77B00E586BB;
			productRefGroup = 442096332AFDE77B00E586BB /* Products */;
			projectDirPath = "";
			projectRoot = "";
			targets = (
				442096312AFDE77B00E586BB /* FunSwiftUIEffects */,
			);
		};
/* End PBXProject section */

/* Begin PBXResourcesBuildPhase section */
		442096302AFDE77B00E586BB /* Resources */ = {
			isa = PBXResourcesBuildPhase;
			buildActionMask = 2147483647;
			files = (
				4420963D2AFDE77C00E586BB /* Preview Assets.xcassets in Resources */,
				4420963A2AFDE77C00E586BB /* Assets.xcassets in Resources */,
			);
			runOnlyForDeploymentPostprocessing = 0;
		};
/* End PBXResourcesBuildPhase section */

/* Begin PBXSourcesBuildPhase section */
		4420962E2AFDE77B00E586BB /* Sources */ = {
			isa = PBXSourcesBuildPhase;
			buildActionMask = 2147483647;
			files = (
				442096492AFDE7C200E586BB /* Text-Extensions.swift in Sources */,
				4420964B2AFDE7E600E586BB /* SwipeStrikethroughExample.swift in Sources */,
				442096382AFDE77B00E586BB /* ContentView.swift in Sources */,
				442096452AFDE79600E586BB /* RubberBanding.swift in Sources */,
				442096462AFDE79600E586BB /* GenericSwipeToCompleteText.swift in Sources */,
				442096362AFDE77B00E586BB /* FunSwiftUIEffectsApp.swift in Sources */,
			);
			runOnlyForDeploymentPostprocessing = 0;
		};
/* End PBXSourcesBuildPhase section */

/* Begin XCBuildConfiguration section */
		4420963E2AFDE77C00E586BB /* Debug */ = {
			isa = XCBuildConfiguration;
			buildSettings = {
				ALWAYS_SEARCH_USER_PATHS = NO;
				ASSETCATALOG_COMPILER_GENERATE_SWIFT_ASSET_SYMBOL_EXTENSIONS = YES;
				CLANG_ANALYZER_NONNULL = YES;
				CLANG_ANALYZER_NUMBER_OBJECT_CONVERSION = YES_AGGRESSIVE;
				CLANG_CXX_LANGUAGE_STANDARD = "gnu++20";
				CLANG_ENABLE_MODULES = YES;
				CLANG_ENABLE_OBJC_ARC = YES;
				CLANG_ENABLE_OBJC_WEAK = YES;
				CLANG_WARN_BLOCK_CAPTURE_AUTORELEASING = YES;
				CLANG_WARN_BOOL_CONVERSION = YES;
				CLANG_WARN_COMMA = YES;
				CLANG_WARN_CONSTANT_CONVERSION = YES;
				CLANG_WARN_DEPRECATED_OBJC_IMPLEMENTATIONS = YES;
				CLANG_WARN_DIRECT_OBJC_ISA_USAGE = YES_ERROR;
				CLANG_WARN_DOCUMENTATION_COMMENTS = YES;
				CLANG_WARN_EMPTY_BODY = YES;
				CLANG_WARN_ENUM_CONVERSION = YES;
				CLANG_WARN_INFINITE_RECURSION = YES;
				CLANG_WARN_INT_CONVERSION = YES;
				CLANG_WARN_NON_LITERAL_NULL_CONVERSION = YES;
				CLANG_WARN_OBJC_IMPLICIT_RETAIN_SELF = YES;
				CLANG_WARN_OBJC_LITERAL_CONVERSION = YES;
				CLANG_WARN_OBJC_ROOT_CLASS = YES_ERROR;
				CLANG_WARN_QUOTED_INCLUDE_IN_FRAMEWORK_HEADER = YES;
				CLANG_WARN_RANGE_LOOP_ANALYSIS = YES;
				CLANG_WARN_STRICT_PROTOTYPES = YES;
				CLANG_WARN_SUSPICIOUS_MOVE = YES;
				CLANG_WARN_UNGUARDED_AVAILABILITY = YES_AGGRESSIVE;
				CLANG_WARN_UNREACHABLE_CODE = YES;
				CLANG_WARN__DUPLICATE_METHOD_MATCH = YES;
				COPY_PHASE_STRIP = NO;
				DEBUG_INFORMATION_FORMAT = dwarf;
				ENABLE_STRICT_OBJC_MSGSEND = YES;
				ENABLE_TESTABILITY = YES;
				ENABLE_USER_SCRIPT_SANDBOXING = YES;
				GCC_C_LANGUAGE_STANDARD = gnu17;
				GCC_DYNAMIC_NO_PIC = NO;
				GCC_NO_COMMON_BLOCKS = YES;
				GCC_OPTIMIZATION_LEVEL = 0;
				GCC_PREPROCESSOR_DEFINITIONS = (
					"DEBUG=1",
					"$(inherited)",
				);
				GCC_WARN_64_TO_32_BIT_CONVERSION = YES;
				GCC_WARN_ABOUT_RETURN_TYPE = YES_ERROR;
				GCC_WARN_UNDECLARED_SELECTOR = YES;
				GCC_WARN_UNINITIALIZED_AUTOS = YES_AGGRESSIVE;
				GCC_WARN_UNUSED_FUNCTION = YES;
				GCC_WARN_UNUSED_VARIABLE = YES;
				IPHONEOS_DEPLOYMENT_TARGET = 17.0;
				LOCALIZATION_PREFERS_STRING_CATALOGS = YES;
				MTL_ENABLE_DEBUG_INFO = INCLUDE_SOURCE;
				MTL_FAST_MATH = YES;
				ONLY_ACTIVE_ARCH = YES;
				SDKROOT = iphoneos;
				SWIFT_ACTIVE_COMPILATION_CONDITIONS = "DEBUG $(inherited)";
				SWIFT_OPTIMIZATION_LEVEL = "-Onone";
			};
			name = Debug;
		};
		4420963F2AFDE77C00E586BB /* Release */ = {
			isa = XCBuildConfiguration;
			buildSettings = {
				ALWAYS_SEARCH_USER_PATHS = NO;
				ASSETCATALOG_COMPILER_GENERATE_SWIFT_ASSET_SYMBOL_EXTENSIONS = YES;
				CLANG_ANALYZER_NONNULL = YES;
				CLANG_ANALYZER_NUMBER_OBJECT_CONVERSION = YES_AGGRESSIVE;
				CLANG_CXX_LANGUAGE_STANDARD = "gnu++20";
				CLANG_ENABLE_MODULES = YES;
				CLANG_ENABLE_OBJC_ARC = YES;
				CLANG_ENABLE_OBJC_WEAK = YES;
				CLANG_WARN_BLOCK_CAPTURE_AUTORELEASING = YES;
				CLANG_WARN_BOOL_CONVERSION = YES;
				CLANG_WARN_COMMA = YES;
				CLANG_WARN_CONSTANT_CONVERSION = YES;
				CLANG_WARN_DEPRECATED_OBJC_IMPLEMENTATIONS = YES;
				CLANG_WARN_DIRECT_OBJC_ISA_USAGE = YES_ERROR;
				CLANG_WARN_DOCUMENTATION_COMMENTS = YES;
				CLANG_WARN_EMPTY_BODY = YES;
				CLANG_WARN_ENUM_CONVERSION = YES;
				CLANG_WARN_INFINITE_RECURSION = YES;
				CLANG_WARN_INT_CONVERSION = YES;
				CLANG_WARN_NON_LITERAL_NULL_CONVERSION = YES;
				CLANG_WARN_OBJC_IMPLICIT_RETAIN_SELF = YES;
				CLANG_WARN_OBJC_LITERAL_CONVERSION = YES;
				CLANG_WARN_OBJC_ROOT_CLASS = YES_ERROR;
				CLANG_WARN_QUOTED_INCLUDE_IN_FRAMEWORK_HEADER = YES;
				CLANG_WARN_RANGE_LOOP_ANALYSIS = YES;
				CLANG_WARN_STRICT_PROTOTYPES = YES;
				CLANG_WARN_SUSPICIOUS_MOVE = YES;
				CLANG_WARN_UNGUARDED_AVAILABILITY = YES_AGGRESSIVE;
				CLANG_WARN_UNREACHABLE_CODE = YES;
				CLANG_WARN__DUPLICATE_METHOD_MATCH = YES;
				COPY_PHASE_STRIP = NO;
				DEBUG_INFORMATION_FORMAT = "dwarf-with-dsym";
				ENABLE_NS_ASSERTIONS = NO;
				ENABLE_STRICT_OBJC_MSGSEND = YES;
				ENABLE_USER_SCRIPT_SANDBOXING = YES;
				GCC_C_LANGUAGE_STANDARD = gnu17;
				GCC_NO_COMMON_BLOCKS = YES;
				GCC_WARN_64_TO_32_BIT_CONVERSION = YES;
				GCC_WARN_ABOUT_RETURN_TYPE = YES_ERROR;
				GCC_WARN_UNDECLARED_SELECTOR = YES;
				GCC_WARN_UNINITIALIZED_AUTOS = YES_AGGRESSIVE;
				GCC_WARN_UNUSED_FUNCTION = YES;
				GCC_WARN_UNUSED_VARIABLE = YES;
				IPHONEOS_DEPLOYMENT_TARGET = 17.0;
				LOCALIZATION_PREFERS_STRING_CATALOGS = YES;
				MTL_ENABLE_DEBUG_INFO = NO;
				MTL_FAST_MATH = YES;
				SDKROOT = iphoneos;
				SWIFT_COMPILATION_MODE = wholemodule;
				VALIDATE_PRODUCT = YES;
			};
			name = Release;
		};
		442096412AFDE77C00E586BB /* Debug */ = {
			isa = XCBuildConfiguration;
			buildSettings = {
				ASSETCATALOG_COMPILER_APPICON_NAME = AppIcon;
				ASSETCATALOG_COMPILER_GLOBAL_ACCENT_COLOR_NAME = AccentColor;
				CODE_SIGN_STYLE = Automatic;
				CURRENT_PROJECT_VERSION = 1;
				DEVELOPMENT_ASSET_PATHS = "\"FunSwiftUIEffects/Preview Content\"";
				DEVELOPMENT_TEAM = E24P6RF94S;
				ENABLE_PREVIEWS = YES;
				GENERATE_INFOPLIST_FILE = YES;
				INFOPLIST_KEY_UIApplicationSceneManifest_Generation = YES;
				INFOPLIST_KEY_UIApplicationSupportsIndirectInputEvents = YES;
				INFOPLIST_KEY_UILaunchScreen_Generation = YES;
				INFOPLIST_KEY_UISupportedInterfaceOrientations_iPad = "UIInterfaceOrientationPortrait UIInterfaceOrientationPortraitUpsideDown UIInterfaceOrientationLandscapeLeft UIInterfaceOrientationLandscapeRight";
				INFOPLIST_KEY_UISupportedInterfaceOrientations_iPhone = "UIInterfaceOrientationPortrait UIInterfaceOrientationLandscapeLeft UIInterfaceOrientationLandscapeRight";
				LD_RUNPATH_SEARCH_PATHS = (
					"$(inherited)",
					"@executable_path/Frameworks",
				);
				MARKETING_VERSION = 1.0;
				PRODUCT_BUNDLE_IDENTIFIER = com.giorgio.FunSwiftUIEffects;
				PRODUCT_NAME = "$(TARGET_NAME)";
				SWIFT_EMIT_LOC_STRINGS = YES;
				SWIFT_VERSION = 5.0;
				TARGETED_DEVICE_FAMILY = "1,2";
			};
			name = Debug;
		};
		442096422AFDE77C00E586BB /* Release */ = {
			isa = XCBuildConfiguration;
			buildSettings = {
				ASSETCATALOG_COMPILER_APPICON_NAME = AppIcon;
				ASSETCATALOG_COMPILER_GLOBAL_ACCENT_COLOR_NAME = AccentColor;
				CODE_SIGN_STYLE = Automatic;
				CURRENT_PROJECT_VERSION = 1;
				DEVELOPMENT_ASSET_PATHS = "\"FunSwiftUIEffects/Preview Content\"";
				DEVELOPMENT_TEAM = E24P6RF94S;
				ENABLE_PREVIEWS = YES;
				GENERATE_INFOPLIST_FILE = YES;
				INFOPLIST_KEY_UIApplicationSceneManifest_Generation = YES;
				INFOPLIST_KEY_UIApplicationSupportsIndirectInputEvents = YES;
				INFOPLIST_KEY_UILaunchScreen_Generation = YES;
				INFOPLIST_KEY_UISupportedInterfaceOrientations_iPad = "UIInterfaceOrientationPortrait UIInterfaceOrientationPortraitUpsideDown UIInterfaceOrientationLandscapeLeft UIInterfaceOrientationLandscapeRight";
				INFOPLIST_KEY_UISupportedInterfaceOrientations_iPhone = "UIInterfaceOrientationPortrait UIInterfaceOrientationLandscapeLeft UIInterfaceOrientationLandscapeRight";
				LD_RUNPATH_SEARCH_PATHS = (
					"$(inherited)",
					"@executable_path/Frameworks",
				);
				MARKETING_VERSION = 1.0;
				PRODUCT_BUNDLE_IDENTIFIER = com.giorgio.FunSwiftUIEffects;
				PRODUCT_NAME = "$(TARGET_NAME)";
				SWIFT_EMIT_LOC_STRINGS = YES;
				SWIFT_VERSION = 5.0;
				TARGETED_DEVICE_FAMILY = "1,2";
			};
			name = Release;
		};
/* End XCBuildConfiguration section */

/* Begin XCConfigurationList section */
		4420962D2AFDE77B00E586BB /* Build configuration list for PBXProject "FunSwiftUIEffects" */ = {
			isa = XCConfigurationList;
			buildConfigurations = (
				4420963E2AFDE77C00E586BB /* Debug */,
				4420963F2AFDE77C00E586BB /* Release */,
			);
			defaultConfigurationIsVisible = 0;
			defaultConfigurationName = Release;
		};
		442096402AFDE77C00E586BB /* Build configuration list for PBXNativeTarget "FunSwiftUIEffects" */ = {
			isa = XCConfigurationList;
			buildConfigurations = (
				442096412AFDE77C00E586BB /* Debug */,
				442096422AFDE77C00E586BB /* Release */,
			);
			defaultConfigurationIsVisible = 0;
			defaultConfigurationName = Release;
		};
/* End XCConfigurationList section */
	};
	rootObject = 4420962A2AFDE77B00E586BB /* Project object */;
}
